
Microsoft Visual Studio Solution File, Format Version 12.00
# Visual Studio Version 16
VisualStudioVersion = 16.0.30907.101
MinimumVisualStudioVersion = 10.0.40219.1
Project("{9A19103F-16F7-4668-BE54-9A1E7A4F7556}") = "Ace.CourseUploader", "Ace.CourseUploader\Ace.CourseUploader.csproj", "{C5A0165F-C14E-4E5A-BC92-33E7DAC226ED}"
EndProject
Project("{9A19103F-16F7-4668-BE54-9A1E7A4F7556}") = "Ace.CourseUploader.Data", "Ace.CourseUploader.Data\Ace.CourseUploader.Data.csproj", "{45D802AE-E678-4D6B-8C46-EE95DB1EB197}"
EndProject
Project("{9A19103F-16F7-4668-BE54-9A1E7A4F7556}") = "Ace.CourseUploader.Web", "Ace.CourseUploader.Web\Ace.CourseUploader.Web.csproj", "{D6E5B06E-0984-480B-B66E-3CD1F766E8FF}"
	ProjectSection(ProjectDependencies) = postProject
		{CAB8752A-B818-4E43-9A34-B86D2A02BDD3} = {CAB8752A-B818-4E43-9A34-B86D2A02BDD3}
	EndProjectSection
EndProject
Project("{9A19103F-16F7-4668-BE54-9A1E7A4F7556}") = "Ace.CourseUploader.Utilities", "Ace.CourseUploader.Utilities\Ace.CourseUploader.Utilities.csproj", "{CAB8752A-B818-4E43-9A34-B86D2A02BDD3}"
EndProject
Project("{9A19103F-16F7-4668-BE54-9A1E7A4F7556}") = "Ace.CourseUploader.Tests", "Ace.CourseUploader.Tests\Ace.CourseUploader.Tests.csproj", "{B36760FE-5334-4947-9423-B04C08FEAF6A}"
EndProject
Global
	GlobalSection(SolutionConfigurationPlatforms) = preSolution
		Debug|Any CPU = Debug|Any CPU
		Release|Any CPU = Release|Any CPU
	EndGlobalSection
	GlobalSection(ProjectConfigurationPlatforms) = postSolution
		{C5A0165F-C14E-4E5A-BC92-33E7DAC226ED}.Debug|Any CPU.ActiveCfg = Debug|Any CPU
		{C5A0165F-C14E-4E5A-BC92-33E7DAC226ED}.Debug|Any CPU.Build.0 = Debug|Any CPU
		{C5A0165F-C14E-4E5A-BC92-33E7DAC226ED}.Release|Any CPU.ActiveCfg = Release|Any CPU
		{C5A0165F-C14E-4E5A-BC92-33E7DAC226ED}.Release|Any CPU.Build.0 = Release|Any CPU
		{45D802AE-E678-4D6B-8C46-EE95DB1EB197}.Debug|Any CPU.ActiveCfg = Debug|Any CPU
		{45D802AE-E678-4D6B-8C46-EE95DB1EB197}.Debug|Any CPU.Build.0 = Debug|Any CPU
		{45D802AE-E678-4D6B-8C46-EE95DB1EB197}.Release|Any CPU.ActiveCfg = Release|Any CPU
		{45D802AE-E678-4D6B-8C46-EE95DB1EB197}.Release|Any CPU.Build.0 = Release|Any CPU
		{D6E5B06E-0984-480B-B66E-3CD1F766E8FF}.Debug|Any CPU.ActiveCfg = Debug|Any CPU
		{D6E5B06E-0984-480B-B66E-3CD1F766E8FF}.Debug|Any CPU.Build.0 = Debug|Any CPU
		{D6E5B06E-0984-480B-B66E-3CD1F766E8FF}.Release|Any CPU.ActiveCfg = Release|Any CPU
		{D6E5B06E-0984-480B-B66E-3CD1F766E8FF}.Release|Any CPU.Build.0 = Release|Any CPU
		{CAB8752A-B818-4E43-9A34-B86D2A02BDD3}.Debug|Any CPU.ActiveCfg = Debug|Any CPU
		{CAB8752A-B818-4E43-9A34-B86D2A02BDD3}.Debug|Any CPU.Build.0 = Debug|Any CPU
		{CAB8752A-B818-4E43-9A34-B86D2A02BDD3}.Release|Any CPU.ActiveCfg = Release|Any CPU
		{CAB8752A-B818-4E43-9A34-B86D2A02BDD3}.Release|Any CPU.Build.0 = Release|Any CPU
		{B36760FE-5334-4947-9423-B04C08FEAF6A}.Debug|Any CPU.ActiveCfg = Debug|Any CPU
		{B36760FE-5334-4947-9423-B04C08FEAF6A}.Debug|Any CPU.Build.0 = Debug|Any CPU
		{B36760FE-5334-4947-9423-B04C08FEAF6A}.Release|Any CPU.ActiveCfg = Release|Any CPU
		{B36760FE-5334-4947-9423-B04C08FEAF6A}.Release|Any CPU.Build.0 = Release|Any CPU
	EndGlobalSection
	GlobalSection(SolutionProperties) = preSolution
		HideSolutionNode = FALSE
	EndGlobalSection
	GlobalSection(ExtensibilityGlobals) = postSolution
		SolutionGuid = {DC2E0095-46D2-4D6C-8643-7B43AF86D672}
	EndGlobalSection
EndGlobal
